
Microsoft Visual Studio Solution File, Format Version 12.00
# Visual Studio Version 16
VisualStudioVersion = 16.0.30204.135
MinimumVisualStudioVersion = 10.0.40219.1
Project("{FAE04EC0-301F-11D3-BF4B-00C04F79EFBC}") = "AppGlovo", "AppGlovo.csproj", "{22F63084-680B-489E-8316-E1213CBC6953}"
EndProject
Project("{FAE04EC0-301F-11D3-BF4B-00C04F79EFBC}") = "ViewGlovo", "ViewGlovo\ViewGlovo.csproj", "{93323C1A-847C-4071-95FF-364A34404D77}"
EndProject
Global
	GlobalSection(SolutionConfigurationPlatforms) = preSolution
		Debug|Any CPU = Debug|Any CPU
		Release|Any CPU = Release|Any CPU
	EndGlobalSection
	GlobalSection(ProjectConfigurationPlatforms) = postSolution
		{22F63084-680B-489E-8316-E1213CBC6953}.Debug|Any CPU.ActiveCfg = Debug|Any CPU
		{22F63084-680B-489E-8316-E1213CBC6953}.Debug|Any CPU.Build.0 = Debug|Any CPU
		{22F63084-680B-489E-8316-E1213CBC6953}.Release|Any CPU.ActiveCfg = Release|Any CPU
		{22F63084-680B-489E-8316-E1213CBC6953}.Release|Any CPU.Build.0 = Release|Any CPU
		{93323C1A-847C-4071-95FF-364A34404D77}.Debug|Any CPU.ActiveCfg = Debug|Any CPU
		{93323C1A-847C-4071-95FF-364A34404D77}.Debug|Any CPU.Build.0 = Debug|Any CPU
		{93323C1A-847C-4071-95FF-364A34404D77}.Release|Any CPU.ActiveCfg = Release|Any CPU
		{93323C1A-847C-4071-95FF-364A34404D77}.Release|Any CPU.Build.0 = Release|Any CPU
	EndGlobalSection
	GlobalSection(SolutionProperties) = preSolution
		HideSolutionNode = FALSE
	EndGlobalSection
	GlobalSection(ExtensibilityGlobals) = postSolution
		SolutionGuid = {30BC03EC-63BB-44AE-ACB8-E56290C44082}
	EndGlobalSection
EndGlobal
